// !$*UTF8*$!
{
	archiveVersion = 1;
	classes = {
	};
	objectVersion = 46;
	objects = {

/* Begin PBXBuildFile section */
		C038304E1C0C780E0056FD65 /* demo1.png in Resources */ = {isa = PBXBuildFile; fileRef = C038304A1C0C780E0056FD65 /* demo1.png */; };
		C038304F1C0C780E0056FD65 /* demo2.png in Resources */ = {isa = PBXBuildFile; fileRef = C038304B1C0C780E0056FD65 /* demo2.png */; };
		C03830501C0C780E0056FD65 /* demo3.png in Resources */ = {isa = PBXBuildFile; fileRef = C038304C1C0C780E0056FD65 /* demo3.png */; };
		C03830511C0C780E0056FD65 /* demo4.png in Resources */ = {isa = PBXBuildFile; fileRef = C038304D1C0C780E0056FD65 /* demo4.png */; };
		C03830561C0C78670056FD65 /* Main3.5.storyboard in Resources */ = {isa = PBXBuildFile; fileRef = C03830521C0C78670056FD65 /* Main3.5.storyboard */; };
		C03830571C0C78670056FD65 /* Main4.7.storyboard in Resources */ = {isa = PBXBuildFile; fileRef = C03830531C0C78670056FD65 /* Main4.7.storyboard */; };
		C03830581C0C78670056FD65 /* Main5.5.storyboard in Resources */ = {isa = PBXBuildFile; fileRef = C03830541C0C78670056FD65 /* Main5.5.storyboard */; };
		C03830591C0C78670056FD65 /* Sub.storyboard in Resources */ = {isa = PBXBuildFile; fileRef = C03830551C0C78670056FD65 /* Sub.storyboard */; };
		C038305B1C0C790E0056FD65 /* AppDelegate.swift in Sources */ = {isa = PBXBuildFile; fileRef = C038305A1C0C790E0056FD65 /* AppDelegate.swift */; };
		C03901D91C0C71AC0051349C /* ViewController.swift in Sources */ = {isa = PBXBuildFile; fileRef = C03901D81C0C71AC0051349C /* ViewController.swift */; };
		C03901DC1C0C71AC0051349C /* Main.storyboard in Resources */ = {isa = PBXBuildFile; fileRef = C03901DA1C0C71AC0051349C /* Main.storyboard */; };
		C03901DE1C0C71AC0051349C /* Assets.xcassets in Resources */ = {isa = PBXBuildFile; fileRef = C03901DD1C0C71AC0051349C /* Assets.xcassets */; };
		C03901E11C0C71AC0051349C /* LaunchScreen.storyboard in Resources */ = {isa = PBXBuildFile; fileRef = C03901DF1C0C71AC0051349C /* LaunchScreen.storyboard */; };
		C03901EC1C0C71AC0051349C /* NagatanTests.swift in Sources */ = {isa = PBXBuildFile; fileRef = C03901EB1C0C71AC0051349C /* NagatanTests.swift */; };
		C03901F71C0C71AC0051349C /* NagatanUITests.swift in Sources */ = {isa = PBXBuildFile; fileRef = C03901F61C0C71AC0051349C /* NagatanUITests.swift */; };
		C039020B1C0C72B00051349C /* Material in Resources */ = {isa = PBXBuildFile; fileRef = C03902041C0C72B00051349C /* Material */; };
		C039020C1C0C72B00051349C /* ResultViewController.swift in Sources */ = {isa = PBXBuildFile; fileRef = C03902051C0C72B00051349C /* ResultViewController.swift */; };
		C039020D1C0C72B00051349C /* ResultViewController2.swift in Sources */ = {isa = PBXBuildFile; fileRef = C03902061C0C72B00051349C /* ResultViewController2.swift */; };
		C039020E1C0C72B00051349C /* Storyboard in Resources */ = {isa = PBXBuildFile; fileRef = C03902071C0C72B00051349C /* Storyboard */; };
		C039020F1C0C72B00051349C /* ViewController3.swift in Sources */ = {isa = PBXBuildFile; fileRef = C03902081C0C72B00051349C /* ViewController3.swift */; };
		C03902101C0C72B00051349C /* ViewController4.swift in Sources */ = {isa = PBXBuildFile; fileRef = C03902091C0C72B00051349C /* ViewController4.swift */; };
		C03902111C0C72B00051349C /* ViewController5.swift in Sources */ = {isa = PBXBuildFile; fileRef = C039020A1C0C72B00051349C /* ViewController5.swift */; };
		C03902131C0C732A0051349C /* SingleViewController.swift in Sources */ = {isa = PBXBuildFile; fileRef = C03902121C0C732A0051349C /* SingleViewController.swift */; };
		C03902151C0C73360051349C /* ViewController2.swift in Sources */ = {isa = PBXBuildFile; fileRef = C03902141C0C73360051349C /* ViewController2.swift */; };
		C0F36FFA1C0CBF150002549B /* ipad.png in Resources */ = {isa = PBXBuildFile; fileRef = C0F36FEC1C0CBF150002549B /* ipad.png */; };
		C0F36FFB1C0CBF150002549B /* iPadR.png in Resources */ = {isa = PBXBuildFile; fileRef = C0F36FED1C0CBF150002549B /* iPadR.png */; };
		C0F36FFC1C0CBF150002549B /* kettei1.png in Resources */ = {isa = PBXBuildFile; fileRef = C0F36FEE1C0CBF150002549B /* kettei1.png */; };
		C0F36FFD1C0CBF150002549B /* kettei2.png in Resources */ = {isa = PBXBuildFile; fileRef = C0F36FEF1C0CBF150002549B /* kettei2.png */; };
		C0F36FFE1C0CBF150002549B /* modoru.png in Resources */ = {isa = PBXBuildFile; fileRef = C0F36FF01C0CBF150002549B /* modoru.png */; };
		C0F36FFF1C0CBF150002549B /* modoruW.png in Resources */ = {isa = PBXBuildFile; fileRef = C0F36FF11C0CBF150002549B /* modoruW.png */; };
		C0F370001C0CBF150002549B /* multi.png in Resources */ = {isa = PBXBuildFile; fileRef = C0F36FF21C0CBF150002549B /* multi.png */; };
		C0F370011C0CBF150002549B /* naga.png in Resources */ = {isa = PBXBuildFile; fileRef = C0F36FF31C0CBF150002549B /* naga.png */; };
		C0F370021C0CBF150002549B /* next.png in Resources */ = {isa = PBXBuildFile; fileRef = C0F36FF41C0CBF150002549B /* next.png */; };
		C0F370031C0CBF150002549B /* resultback2.png in Resources */ = {isa = PBXBuildFile; fileRef = C0F36FF51C0CBF150002549B /* resultback2.png */; };
		C0F370041C0CBF150002549B /* single.png in Resources */ = {isa = PBXBuildFile; fileRef = C0F36FF61C0CBF150002549B /* single.png */; };
		C0F370051C0CBF150002549B /* start.png in Resources */ = {isa = PBXBuildFile; fileRef = C0F36FF71C0CBF150002549B /* start.png */; };
		C0F370061C0CBF150002549B /* title.png in Resources */ = {isa = PBXBuildFile; fileRef = C0F36FF81C0CBF150002549B /* title.png */; };
		C0F370071C0CBF150002549B /* TwitterLogo_#55acee.png in Resources */ = {isa = PBXBuildFile; fileRef = C0F36FF91C0CBF150002549B /* TwitterLogo_#55acee.png */; };
		C0F370091C0CBF1D0002549B /* FB-f-Logo__blue_100.png in Resources */ = {isa = PBXBuildFile; fileRef = C0F370081C0CBF1D0002549B /* FB-f-Logo__blue_100.png */; };
		C0F3700E1C0CBF270002549B /* 4.png in Resources */ = {isa = PBXBuildFile; fileRef = C0F3700A1C0CBF270002549B /* 4.png */; };
		C0F3700F1C0CBF270002549B /* 5.png in Resources */ = {isa = PBXBuildFile; fileRef = C0F3700B1C0CBF270002549B /* 5.png */; };
		C0F370101C0CBF270002549B /* 6.png in Resources */ = {isa = PBXBuildFile; fileRef = C0F3700C1C0CBF270002549B /* 6.png */; };
		C0F370111C0CBF270002549B /* 6p.png in Resources */ = {isa = PBXBuildFile; fileRef = C0F3700D1C0CBF270002549B /* 6p.png */; };
/* End PBXBuildFile section */

/* Begin PBXContainerItemProxy section */
		C03901E81C0C71AC0051349C /* PBXContainerItemProxy */ = {
			isa = PBXContainerItemProxy;
			containerPortal = C03901CB1C0C71AC0051349C /* Project object */;
			proxyType = 1;
			remoteGlobalIDString = C03901D21C0C71AC0051349C;
			remoteInfo = Nagatan;
		};
		C03901F31C0C71AC0051349C /* PBXContainerItemProxy */ = {
			isa = PBXContainerItemProxy;
			containerPortal = C03901CB1C0C71AC0051349C /* Project object */;
			proxyType = 1;
			remoteGlobalIDString = C03901D21C0C71AC0051349C;
			remoteInfo = Nagatan;
		};
/* End PBXContainerItemProxy section */

/* Begin PBXFileReference section */
		C038304A1C0C780E0056FD65 /* demo1.png */ = {isa = PBXFileReference; lastKnownFileType = image.png; name = demo1.png; path = Material/demo1.png; sourceTree = "<group>"; };
		C038304B1C0C780E0056FD65 /* demo2.png */ = {isa = PBXFileReference; lastKnownFileType = image.png; name = demo2.png; path = Material/demo2.png; sourceTree = "<group>"; };
		C038304C1C0C780E0056FD65 /* demo3.png */ = {isa = PBXFileReference; lastKnownFileType = image.png; name = demo3.png; path = Material/demo3.png; sourceTree = "<group>"; };
		C038304D1C0C780E0056FD65 /* demo4.png */ = {isa = PBXFileReference; lastKnownFileType = image.png; name = demo4.png; path = Material/demo4.png; sourceTree = "<group>"; };
		C03830521C0C78670056FD65 /* Main3.5.storyboard */ = {isa = PBXFileReference; fileEncoding = 4; lastKnownFileType = file.storyboard; name = Main3.5.storyboard; path = Storyboard/Main3.5.storyboard; sourceTree = "<group>"; };
		C03830531C0C78670056FD65 /* Main4.7.storyboard */ = {isa = PBXFileReference; fileEncoding = 4; lastKnownFileType = file.storyboard; name = Main4.7.storyboard; path = Storyboard/Main4.7.storyboard; sourceTree = "<group>"; };
		C03830541C0C78670056FD65 /* Main5.5.storyboard */ = {isa = PBXFileReference; fileEncoding = 4; lastKnownFileType = file.storyboard; name = Main5.5.storyboard; path = Storyboard/Main5.5.storyboard; sourceTree = "<group>"; };
		C03830551C0C78670056FD65 /* Sub.storyboard */ = {isa = PBXFileReference; fileEncoding = 4; lastKnownFileType = file.storyboard; name = Sub.storyboard; path = Storyboard/Sub.storyboard; sourceTree = "<group>"; };
		C038305A1C0C790E0056FD65 /* AppDelegate.swift */ = {isa = PBXFileReference; fileEncoding = 4; lastKnownFileType = sourcecode.swift; path = AppDelegate.swift; sourceTree = "<group>"; };
		C03901D31C0C71AC0051349C /* Nagatan.app */ = {isa = PBXFileReference; explicitFileType = wrapper.application; includeInIndex = 0; path = Nagatan.app; sourceTree = BUILT_PRODUCTS_DIR; };
		C03901D81C0C71AC0051349C /* ViewController.swift */ = {isa = PBXFileReference; lastKnownFileType = sourcecode.swift; path = ViewController.swift; sourceTree = "<group>"; };
		C03901DB1C0C71AC0051349C /* Base */ = {isa = PBXFileReference; lastKnownFileType = file.storyboard; name = Base; path = Base.lproj/Main.storyboard; sourceTree = "<group>"; };
		C03901DD1C0C71AC0051349C /* Assets.xcassets */ = {isa = PBXFileReference; lastKnownFileType = folder.assetcatalog; path = Assets.xcassets; sourceTree = "<group>"; };
		C03901E01C0C71AC0051349C /* Base */ = {isa = PBXFileReference; lastKnownFileType = file.storyboard; name = Base; path = Base.lproj/LaunchScreen.storyboard; sourceTree = "<group>"; };
		C03901E21C0C71AC0051349C /* Info.plist */ = {isa = PBXFileReference; lastKnownFileType = text.plist.xml; path = Info.plist; sourceTree = "<group>"; };
		C03901E71C0C71AC0051349C /* NagatanTests.xctest */ = {isa = PBXFileReference; explicitFileType = wrapper.cfbundle; includeInIndex = 0; path = NagatanTests.xctest; sourceTree = BUILT_PRODUCTS_DIR; };
		C03901EB1C0C71AC0051349C /* NagatanTests.swift */ = {isa = PBXFileReference; lastKnownFileType = sourcecode.swift; path = NagatanTests.swift; sourceTree = "<group>"; };
		C03901ED1C0C71AC0051349C /* Info.plist */ = {isa = PBXFileReference; lastKnownFileType = text.plist.xml; path = Info.plist; sourceTree = "<group>"; };
		C03901F21C0C71AC0051349C /* NagatanUITests.xctest */ = {isa = PBXFileReference; explicitFileType = wrapper.cfbundle; includeInIndex = 0; path = NagatanUITests.xctest; sourceTree = BUILT_PRODUCTS_DIR; };
		C03901F61C0C71AC0051349C /* NagatanUITests.swift */ = {isa = PBXFileReference; lastKnownFileType = sourcecode.swift; path = NagatanUITests.swift; sourceTree = "<group>"; };
		C03901F81C0C71AC0051349C /* Info.plist */ = {isa = PBXFileReference; lastKnownFileType = text.plist.xml; path = Info.plist; sourceTree = "<group>"; };
		C03902041C0C72B00051349C /* Material */ = {isa = PBXFileReference; lastKnownFileType = folder; path = Material; sourceTree = "<group>"; };
		C03902051C0C72B00051349C /* ResultViewController.swift */ = {isa = PBXFileReference; fileEncoding = 4; lastKnownFileType = sourcecode.swift; path = ResultViewController.swift; sourceTree = "<group>"; };
		C03902061C0C72B00051349C /* ResultViewController2.swift */ = {isa = PBXFileReference; fileEncoding = 4; lastKnownFileType = sourcecode.swift; path = ResultViewController2.swift; sourceTree = "<group>"; };
		C03902071C0C72B00051349C /* Storyboard */ = {isa = PBXFileReference; lastKnownFileType = folder; path = Storyboard; sourceTree = "<group>"; };
		C03902081C0C72B00051349C /* ViewController3.swift */ = {isa = PBXFileReference; fileEncoding = 4; lastKnownFileType = sourcecode.swift; path = ViewController3.swift; sourceTree = "<group>"; };
		C03902091C0C72B00051349C /* ViewController4.swift */ = {isa = PBXFileReference; fileEncoding = 4; lastKnownFileType = sourcecode.swift; path = ViewController4.swift; sourceTree = "<group>"; };
		C039020A1C0C72B00051349C /* ViewController5.swift */ = {isa = PBXFileReference; fileEncoding = 4; lastKnownFileType = sourcecode.swift; path = ViewController5.swift; sourceTree = "<group>"; };
		C03902121C0C732A0051349C /* SingleViewController.swift */ = {isa = PBXFileReference; fileEncoding = 4; lastKnownFileType = sourcecode.swift; path = SingleViewController.swift; sourceTree = "<group>"; };
		C03902141C0C73360051349C /* ViewController2.swift */ = {isa = PBXFileReference; fileEncoding = 4; lastKnownFileType = sourcecode.swift; path = ViewController2.swift; sourceTree = "<group>"; };
		C0F36FEC1C0CBF150002549B /* ipad.png */ = {isa = PBXFileReference; lastKnownFileType = image.png; name = ipad.png; path = Material/ipad.png; sourceTree = "<group>"; };
		C0F36FED1C0CBF150002549B /* iPadR.png */ = {isa = PBXFileReference; lastKnownFileType = image.png; name = iPadR.png; path = Material/iPadR.png; sourceTree = "<group>"; };
		C0F36FEE1C0CBF150002549B /* kettei1.png */ = {isa = PBXFileReference; lastKnownFileType = image.png; name = kettei1.png; path = Material/kettei1.png; sourceTree = "<group>"; };
		C0F36FEF1C0CBF150002549B /* kettei2.png */ = {isa = PBXFileReference; lastKnownFileType = image.png; name = kettei2.png; path = Material/kettei2.png; sourceTree = "<group>"; };
		C0F36FF01C0CBF150002549B /* modoru.png */ = {isa = PBXFileReference; lastKnownFileType = image.png; name = modoru.png; path = Material/modoru.png; sourceTree = "<group>"; };
		C0F36FF11C0CBF150002549B /* modoruW.png */ = {isa = PBXFileReference; lastKnownFileType = image.png; name = modoruW.png; path = Material/modoruW.png; sourceTree = "<group>"; };
		C0F36FF21C0CBF150002549B /* multi.png */ = {isa = PBXFileReference; lastKnownFileType = image.png; name = multi.png; path = Material/multi.png; sourceTree = "<group>"; };
		C0F36FF31C0CBF150002549B /* naga.png */ = {isa = PBXFileReference; lastKnownFileType = image.png; name = naga.png; path = Material/naga.png; sourceTree = "<group>"; };
		C0F36FF41C0CBF150002549B /* next.png */ = {isa = PBXFileReference; lastKnownFileType = image.png; name = next.png; path = Material/next.png; sourceTree = "<group>"; };
		C0F36FF51C0CBF150002549B /* resultback2.png */ = {isa = PBXFileReference; lastKnownFileType = image.png; name = resultback2.png; path = Material/resultback2.png; sourceTree = "<group>"; };
		C0F36FF61C0CBF150002549B /* single.png */ = {isa = PBXFileReference; lastKnownFileType = image.png; name = single.png; path = Material/single.png; sourceTree = "<group>"; };
		C0F36FF71C0CBF150002549B /* start.png */ = {isa = PBXFileReference; lastKnownFileType = image.png; name = start.png; path = Material/start.png; sourceTree = "<group>"; };
		C0F36FF81C0CBF150002549B /* title.png */ = {isa = PBXFileReference; lastKnownFileType = image.png; name = title.png; path = Material/title.png; sourceTree = "<group>"; };
		C0F36FF91C0CBF150002549B /* TwitterLogo_#55acee.png */ = {isa = PBXFileReference; lastKnownFileType = image.png; name = "TwitterLogo_#55acee.png"; path = "Material/TwitterLogo_#55acee.png"; sourceTree = "<group>"; };
		C0F370081C0CBF1D0002549B /* FB-f-Logo__blue_100.png */ = {isa = PBXFileReference; lastKnownFileType = image.png; name = "FB-f-Logo__blue_100.png"; path = "Material/FB-f-Logo__blue_100.png"; sourceTree = "<group>"; };
		C0F3700A1C0CBF270002549B /* 4.png */ = {isa = PBXFileReference; lastKnownFileType = image.png; name = 4.png; path = Material/4.png; sourceTree = "<group>"; };
		C0F3700B1C0CBF270002549B /* 5.png */ = {isa = PBXFileReference; lastKnownFileType = image.png; name = 5.png; path = Material/5.png; sourceTree = "<group>"; };
		C0F3700C1C0CBF270002549B /* 6.png */ = {isa = PBXFileReference; lastKnownFileType = image.png; name = 6.png; path = Material/6.png; sourceTree = "<group>"; };
		C0F3700D1C0CBF270002549B /* 6p.png */ = {isa = PBXFileReference; lastKnownFileType = image.png; name = 6p.png; path = Material/6p.png; sourceTree = "<group>"; };
/* End PBXFileReference section */

/* Begin PBXFrameworksBuildPhase section */
		C03901D01C0C71AC0051349C /* Frameworks */ = {
			isa = PBXFrameworksBuildPhase;
			buildActionMask = 2147483647;
			files = (
			);
			runOnlyForDeploymentPostprocessing = 0;
		};
		C03901E41C0C71AC0051349C /* Frameworks */ = {
			isa = PBXFrameworksBuildPhase;
			buildActionMask = 2147483647;
			files = (
			);
			runOnlyForDeploymentPostprocessing = 0;
		};
		C03901EF1C0C71AC0051349C /* Frameworks */ = {
			isa = PBXFrameworksBuildPhase;
			buildActionMask = 2147483647;
			files = (
			);
			runOnlyForDeploymentPostprocessing = 0;
		};
/* End PBXFrameworksBuildPhase section */

/* Begin PBXGroup section */
		C03901CA1C0C71AC0051349C = {
			isa = PBXGroup;
			children = (
				C03901D51C0C71AC0051349C /* Nagatan */,
				C03901EA1C0C71AC0051349C /* NagatanTests */,
				C03901F51C0C71AC0051349C /* NagatanUITests */,
				C03901D41C0C71AC0051349C /* Products */,
			);
			sourceTree = "<group>";
		};
		C03901D41C0C71AC0051349C /* Products */ = {
			isa = PBXGroup;
			children = (
				C03901D31C0C71AC0051349C /* Nagatan.app */,
				C03901E71C0C71AC0051349C /* NagatanTests.xctest */,
				C03901F21C0C71AC0051349C /* NagatanUITests.xctest */,
			);
			name = Products;
			sourceTree = "<group>";
		};
		C03901D51C0C71AC0051349C /* Nagatan */ = {
			isa = PBXGroup;
			children = (
				C038305A1C0C790E0056FD65 /* AppDelegate.swift */,
				C03901D81C0C71AC0051349C /* ViewController.swift */,
				C03902051C0C72B00051349C /* ResultViewController.swift */,
				C03902061C0C72B00051349C /* ResultViewController2.swift */,
				C03902081C0C72B00051349C /* ViewController3.swift */,
				C03902091C0C72B00051349C /* ViewController4.swift */,
				C03902141C0C73360051349C /* ViewController2.swift */,
				C039020A1C0C72B00051349C /* ViewController5.swift */,
				C03902121C0C732A0051349C /* SingleViewController.swift */,
				C03901DA1C0C71AC0051349C /* Main.storyboard */,
				C03830521C0C78670056FD65 /* Main3.5.storyboard */,
				C03830531C0C78670056FD65 /* Main4.7.storyboard */,
				C03830541C0C78670056FD65 /* Main5.5.storyboard */,
				C03830551C0C78670056FD65 /* Sub.storyboard */,
				C03901DF1C0C71AC0051349C /* LaunchScreen.storyboard */,
				C038304A1C0C780E0056FD65 /* demo1.png */,
				C038304B1C0C780E0056FD65 /* demo2.png */,
				C038304C1C0C780E0056FD65 /* demo3.png */,
				C038304D1C0C780E0056FD65 /* demo4.png */,
				C0F36FEC1C0CBF150002549B /* ipad.png */,
				C0F36FED1C0CBF150002549B /* iPadR.png */,
				C0F36FEE1C0CBF150002549B /* kettei1.png */,
				C0F36FEF1C0CBF150002549B /* kettei2.png */,
				C0F36FF01C0CBF150002549B /* modoru.png */,
				C0F36FF11C0CBF150002549B /* modoruW.png */,
				C0F36FF21C0CBF150002549B /* multi.png */,
				C0F36FF31C0CBF150002549B /* naga.png */,
				C0F36FF41C0CBF150002549B /* next.png */,
				C0F36FF51C0CBF150002549B /* resultback2.png */,
				C0F36FF61C0CBF150002549B /* single.png */,
				C0F36FF71C0CBF150002549B /* start.png */,
				C0F36FF81C0CBF150002549B /* title.png */,
				C0F36FF91C0CBF150002549B /* TwitterLogo_#55acee.png */,
				C0F370081C0CBF1D0002549B /* FB-f-Logo__blue_100.png */,
				C0F3700A1C0CBF270002549B /* 4.png */,
				C0F3700B1C0CBF270002549B /* 5.png */,
				C0F3700C1C0CBF270002549B /* 6.png */,
				C0F3700D1C0CBF270002549B /* 6p.png */,
				C03901DD1C0C71AC0051349C /* Assets.xcassets */,
				C03902041C0C72B00051349C /* Material */,
				C03902071C0C72B00051349C /* Storyboard */,
				C03901E21C0C71AC0051349C /* Info.plist */,
			);
			path = Nagatan;
			sourceTree = "<group>";
		};
		C03901EA1C0C71AC0051349C /* NagatanTests */ = {
			isa = PBXGroup;
			children = (
				C03901EB1C0C71AC0051349C /* NagatanTests.swift */,
				C03901ED1C0C71AC0051349C /* Info.plist */,
			);
			path = NagatanTests;
			sourceTree = "<group>";
		};
		C03901F51C0C71AC0051349C /* NagatanUITests */ = {
			isa = PBXGroup;
			children = (
				C03901F61C0C71AC0051349C /* NagatanUITests.swift */,
				C03901F81C0C71AC0051349C /* Info.plist */,
			);
			path = NagatanUITests;
			sourceTree = "<group>";
		};
/* End PBXGroup section */

/* Begin PBXNativeTarget section */
		C03901D21C0C71AC0051349C /* Nagatan */ = {
			isa = PBXNativeTarget;
			buildConfigurationList = C03901FB1C0C71AC0051349C /* Build configuration list for PBXNativeTarget "Nagatan" */;
			buildPhases = (
				C03901CF1C0C71AC0051349C /* Sources */,
				C03901D01C0C71AC0051349C /* Frameworks */,
				C03901D11C0C71AC0051349C /* Resources */,
			);
			buildRules = (
			);
			dependencies = (
			);
			name = Nagatan;
			productName = Nagatan;
			productReference = C03901D31C0C71AC0051349C /* Nagatan.app */;
			productType = "com.apple.product-type.application";
		};
		C03901E61C0C71AC0051349C /* NagatanTests */ = {
			isa = PBXNativeTarget;
			buildConfigurationList = C03901FE1C0C71AC0051349C /* Build configuration list for PBXNativeTarget "NagatanTests" */;
			buildPhases = (
				C03901E31C0C71AC0051349C /* Sources */,
				C03901E41C0C71AC0051349C /* Frameworks */,
				C03901E51C0C71AC0051349C /* Resources */,
			);
			buildRules = (
			);
			dependencies = (
				C03901E91C0C71AC0051349C /* PBXTargetDependency */,
			);
			name = NagatanTests;
			productName = NagatanTests;
			productReference = C03901E71C0C71AC0051349C /* NagatanTests.xctest */;
			productType = "com.apple.product-type.bundle.unit-test";
		};
		C03901F11C0C71AC0051349C /* NagatanUITests */ = {
			isa = PBXNativeTarget;
			buildConfigurationList = C03902011C0C71AC0051349C /* Build configuration list for PBXNativeTarget "NagatanUITests" */;
			buildPhases = (
				C03901EE1C0C71AC0051349C /* Sources */,
				C03901EF1C0C71AC0051349C /* Frameworks */,
				C03901F01C0C71AC0051349C /* Resources */,
			);
			buildRules = (
			);
			dependencies = (
				C03901F41C0C71AC0051349C /* PBXTargetDependency */,
			);
			name = NagatanUITests;
			productName = NagatanUITests;
			productReference = C03901F21C0C71AC0051349C /* NagatanUITests.xctest */;
			productType = "com.apple.product-type.bundle.ui-testing";
		};
/* End PBXNativeTarget section */

/* Begin PBXProject section */
		C03901CB1C0C71AC0051349C /* Project object */ = {
			isa = PBXProject;
			attributes = {
				LastSwiftUpdateCheck = 0710;
				LastUpgradeCheck = 0710;
				ORGANIZATIONNAME = "矢吹祐真";
				TargetAttributes = {
					C03901D21C0C71AC0051349C = {
						CreatedOnToolsVersion = 7.1.1;
						DevelopmentTeam = KJ2THWHM25;
					};
					C03901E61C0C71AC0051349C = {
						CreatedOnToolsVersion = 7.1.1;
						TestTargetID = C03901D21C0C71AC0051349C;
					};
					C03901F11C0C71AC0051349C = {
						CreatedOnToolsVersion = 7.1.1;
						TestTargetID = C03901D21C0C71AC0051349C;
					};
				};
			};
			buildConfigurationList = C03901CE1C0C71AC0051349C /* Build configuration list for PBXProject "Nagatan" */;
			compatibilityVersion = "Xcode 3.2";
			developmentRegion = English;
			hasScannedForEncodings = 0;
			knownRegions = (
				en,
				Base,
			);
			mainGroup = C03901CA1C0C71AC0051349C;
			productRefGroup = C03901D41C0C71AC0051349C /* Products */;
			projectDirPath = "";
			projectRoot = "";
			targets = (
				C03901D21C0C71AC0051349C /* Nagatan */,
				C03901E61C0C71AC0051349C /* NagatanTests */,
				C03901F11C0C71AC0051349C /* NagatanUITests */,
			);
		};
/* End PBXProject section */

/* Begin PBXResourcesBuildPhase section */
		C03901D11C0C71AC0051349C /* Resources */ = {
			isa = PBXResourcesBuildPhase;
			buildActionMask = 2147483647;
			files = (
				C03830571C0C78670056FD65 /* Main4.7.storyboard in Resources */,
				C0F36FFA1C0CBF150002549B /* ipad.png in Resources */,
				C0F370061C0CBF150002549B /* title.png in Resources */,
				C038304F1C0C780E0056FD65 /* demo2.png in Resources */,
				C0F370001C0CBF150002549B /* multi.png in Resources */,
				C0F36FFD1C0CBF150002549B /* kettei2.png in Resources */,
				C0F36FFB1C0CBF150002549B /* iPadR.png in Resources */,
				C0F36FFE1C0CBF150002549B /* modoru.png in Resources */,
				C0F370071C0CBF150002549B /* TwitterLogo_#55acee.png in Resources */,
				C03830581C0C78670056FD65 /* Main5.5.storyboard in Resources */,
				C0F36FFC1C0CBF150002549B /* kettei1.png in Resources */,
				C0F36FFF1C0CBF150002549B /* modoruW.png in Resources */,
				C03901E11C0C71AC0051349C /* LaunchScreen.storyboard in Resources */,
				C0F370101C0CBF270002549B /* 6.png in Resources */,
				C03901DE1C0C71AC0051349C /* Assets.xcassets in Resources */,
				C039020E1C0C72B00051349C /* Storyboard in Resources */,
				C0F370031C0CBF150002549B /* resultback2.png in Resources */,
				C03830501C0C780E0056FD65 /* demo3.png in Resources */,
				C0F370041C0CBF150002549B /* single.png in Resources */,
				C0F370021C0CBF150002549B /* next.png in Resources */,
				C0F370051C0CBF150002549B /* start.png in Resources */,
				C0F3700E1C0CBF270002549B /* 4.png in Resources */,
				C0F3700F1C0CBF270002549B /* 5.png in Resources */,
				C03901DC1C0C71AC0051349C /* Main.storyboard in Resources */,
				C03830561C0C78670056FD65 /* Main3.5.storyboard in Resources */,
				C038304E1C0C780E0056FD65 /* demo1.png in Resources */,
				C0F370011C0CBF150002549B /* naga.png in Resources */,
				C03830511C0C780E0056FD65 /* demo4.png in Resources */,
				C0F370091C0CBF1D0002549B /* FB-f-Logo__blue_100.png in Resources */,
				C03830591C0C78670056FD65 /* Sub.storyboard in Resources */,
				C039020B1C0C72B00051349C /* Material in Resources */,
				C0F370111C0CBF270002549B /* 6p.png in Resources */,
			);
			runOnlyForDeploymentPostprocessing = 0;
		};
		C03901E51C0C71AC0051349C /* Resources */ = {
			isa = PBXResourcesBuildPhase;
			buildActionMask = 2147483647;
			files = (
			);
			runOnlyForDeploymentPostprocessing = 0;
		};
		C03901F01C0C71AC0051349C /* Resources */ = {
			isa = PBXResourcesBuildPhase;
			buildActionMask = 2147483647;
			files = (
			);
			runOnlyForDeploymentPostprocessing = 0;
		};
/* End PBXResourcesBuildPhase section */

/* Begin PBXSourcesBuildPhase section */
		C03901CF1C0C71AC0051349C /* Sources */ = {
			isa = PBXSourcesBuildPhase;
			buildActionMask = 2147483647;
			files = (
				C039020F1C0C72B00051349C /* ViewController3.swift in Sources */,
				C03902101C0C72B00051349C /* ViewController4.swift in Sources */,
				C03902151C0C73360051349C /* ViewController2.swift in Sources */,
				C038305B1C0C790E0056FD65 /* AppDelegate.swift in Sources */,
				C03901D91C0C71AC0051349C /* ViewController.swift in Sources */,
				C039020D1C0C72B00051349C /* ResultViewController2.swift in Sources */,
				C039020C1C0C72B00051349C /* ResultViewController.swift in Sources */,
				C03902131C0C732A0051349C /* SingleViewController.swift in Sources */,
				C03902111C0C72B00051349C /* ViewController5.swift in Sources */,
			);
			runOnlyForDeploymentPostprocessing = 0;
		};
		C03901E31C0C71AC0051349C /* Sources */ = {
			isa = PBXSourcesBuildPhase;
			buildActionMask = 2147483647;
			files = (
				C03901EC1C0C71AC0051349C /* NagatanTests.swift in Sources */,
			);
			runOnlyForDeploymentPostprocessing = 0;
		};
		C03901EE1C0C71AC0051349C /* Sources */ = {
			isa = PBXSourcesBuildPhase;
			buildActionMask = 2147483647;
			files = (
				C03901F71C0C71AC0051349C /* NagatanUITests.swift in Sources */,
			);
			runOnlyForDeploymentPostprocessing = 0;
		};
/* End PBXSourcesBuildPhase section */

/* Begin PBXTargetDependency section */
		C03901E91C0C71AC0051349C /* PBXTargetDependency */ = {
			isa = PBXTargetDependency;
			target = C03901D21C0C71AC0051349C /* Nagatan */;
			targetProxy = C03901E81C0C71AC0051349C /* PBXContainerItemProxy */;
		};
		C03901F41C0C71AC0051349C /* PBXTargetDependency */ = {
			isa = PBXTargetDependency;
			target = C03901D21C0C71AC0051349C /* Nagatan */;
			targetProxy = C03901F31C0C71AC0051349C /* PBXContainerItemProxy */;
		};
/* End PBXTargetDependency section */

/* Begin PBXVariantGroup section */
		C03901DA1C0C71AC0051349C /* Main.storyboard */ = {
			isa = PBXVariantGroup;
			children = (
				C03901DB1C0C71AC0051349C /* Base */,
			);
			name = Main.storyboard;
			sourceTree = "<group>";
		};
		C03901DF1C0C71AC0051349C /* LaunchScreen.storyboard */ = {
			isa = PBXVariantGroup;
			children = (
				C03901E01C0C71AC0051349C /* Base */,
			);
			name = LaunchScreen.storyboard;
			sourceTree = "<group>";
		};
/* End PBXVariantGroup section */

/* Begin XCBuildConfiguration section */
		C03901F91C0C71AC0051349C /* Debug */ = {
			isa = XCBuildConfiguration;
			buildSettings = {
				ALWAYS_SEARCH_USER_PATHS = NO;
				CLANG_CXX_LANGUAGE_STANDARD = "gnu++0x";
				CLANG_CXX_LIBRARY = "libc++";
				CLANG_ENABLE_MODULES = YES;
				CLANG_ENABLE_OBJC_ARC = YES;
				CLANG_WARN_BOOL_CONVERSION = YES;
				CLANG_WARN_CONSTANT_CONVERSION = YES;
				CLANG_WARN_DIRECT_OBJC_ISA_USAGE = YES_ERROR;
				CLANG_WARN_EMPTY_BODY = YES;
				CLANG_WARN_ENUM_CONVERSION = YES;
				CLANG_WARN_INT_CONVERSION = YES;
				CLANG_WARN_OBJC_ROOT_CLASS = YES_ERROR;
				CLANG_WARN_UNREACHABLE_CODE = YES;
				CLANG_WARN__DUPLICATE_METHOD_MATCH = YES;
				"CODE_SIGN_IDENTITY[sdk=iphoneos*]" = "iPhone Developer";
				COPY_PHASE_STRIP = NO;
				DEBUG_INFORMATION_FORMAT = dwarf;
				ENABLE_STRICT_OBJC_MSGSEND = YES;
				ENABLE_TESTABILITY = YES;
				GCC_C_LANGUAGE_STANDARD = gnu99;
				GCC_DYNAMIC_NO_PIC = NO;
				GCC_NO_COMMON_BLOCKS = YES;
				GCC_OPTIMIZATION_LEVEL = 0;
				GCC_PREPROCESSOR_DEFINITIONS = (
					"DEBUG=1",
					"$(inherited)",
				);
				GCC_WARN_64_TO_32_BIT_CONVERSION = YES;
				GCC_WARN_ABOUT_RETURN_TYPE = YES_ERROR;
				GCC_WARN_UNDECLARED_SELECTOR = YES;
				GCC_WARN_UNINITIALIZED_AUTOS = YES_AGGRESSIVE;
				GCC_WARN_UNUSED_FUNCTION = YES;
				GCC_WARN_UNUSED_VARIABLE = YES;
				IPHONEOS_DEPLOYMENT_TARGET = 9.1;
				MTL_ENABLE_DEBUG_INFO = YES;
				ONLY_ACTIVE_ARCH = YES;
				SDKROOT = iphoneos;
				SWIFT_OPTIMIZATION_LEVEL = "-Onone";
				TARGETED_DEVICE_FAMILY = "1,2";
			};
			name = Debug;
		};
		C03901FA1C0C71AC0051349C /* Release */ = {
			isa = XCBuildConfiguration;
			buildSettings = {
				ALWAYS_SEARCH_USER_PATHS = NO;
				CLANG_CXX_LANGUAGE_STANDARD = "gnu++0x";
				CLANG_CXX_LIBRARY = "libc++";
				CLANG_ENABLE_MODULES = YES;
				CLANG_ENABLE_OBJC_ARC = YES;
				CLANG_WARN_BOOL_CONVERSION = YES;
				CLANG_WARN_CONSTANT_CONVERSION = YES;
				CLANG_WARN_DIRECT_OBJC_ISA_USAGE = YES_ERROR;
				CLANG_WARN_EMPTY_BODY = YES;
				CLANG_WARN_ENUM_CONVERSION = YES;
				CLANG_WARN_INT_CONVERSION = YES;
				CLANG_WARN_OBJC_ROOT_CLASS = YES_ERROR;
				CLANG_WARN_UNREACHABLE_CODE = YES;
				CLANG_WARN__DUPLICATE_METHOD_MATCH = YES;
				"CODE_SIGN_IDENTITY[sdk=iphoneos*]" = "iPhone Developer";
				COPY_PHASE_STRIP = NO;
				DEBUG_INFORMATION_FORMAT = "dwarf-with-dsym";
				ENABLE_NS_ASSERTIONS = NO;
				ENABLE_STRICT_OBJC_MSGSEND = YES;
				GCC_C_LANGUAGE_STANDARD = gnu99;
				GCC_NO_COMMON_BLOCKS = YES;
				GCC_WARN_64_TO_32_BIT_CONVERSION = YES;
				GCC_WARN_ABOUT_RETURN_TYPE = YES_ERROR;
				GCC_WARN_UNDECLARED_SELECTOR = YES;
				GCC_WARN_UNINITIALIZED_AUTOS = YES_AGGRESSIVE;
				GCC_WARN_UNUSED_FUNCTION = YES;
				GCC_WARN_UNUSED_VARIABLE = YES;
				IPHONEOS_DEPLOYMENT_TARGET = 9.1;
				MTL_ENABLE_DEBUG_INFO = NO;
				SDKROOT = iphoneos;
				TARGETED_DEVICE_FAMILY = "1,2";
				VALIDATE_PRODUCT = YES;
			};
			name = Release;
		};
		C03901FC1C0C71AC0051349C /* Debug */ = {
			isa = XCBuildConfiguration;
			buildSettings = {
				ASSETCATALOG_COMPILER_APPICON_NAME = AppIcon;
				ASSETCATALOG_COMPILER_LAUNCHIMAGE_NAME = LaunchImage;
				CODE_SIGN_IDENTITY = "iPhone Developer";
				"CODE_SIGN_IDENTITY[sdk=iphoneos*]" = "iPhone Developer";
				INFOPLIST_FILE = Nagatan/Info.plist;
				IPHONEOS_DEPLOYMENT_TARGET = 8.1;
				LD_RUNPATH_SEARCH_PATHS = "$(inherited) @executable_path/Frameworks";
				PRODUCT_BUNDLE_IDENTIFIER = com.yuma.Nagatan;
				PRODUCT_NAME = "$(TARGET_NAME)";
				PROVISIONING_PROFILE = "";
			};
			name = Debug;
		};
		C03901FD1C0C71AC0051349C /* Release */ = {
			isa = XCBuildConfiguration;
			buildSettings = {
				ASSETCATALOG_COMPILER_APPICON_NAME = AppIcon;
				ASSETCATALOG_COMPILER_LAUNCHIMAGE_NAME = LaunchImage;
				CODE_SIGN_IDENTITY = "iPhone Developer";
				"CODE_SIGN_IDENTITY[sdk=iphoneos*]" = "iPhone Developer";
				INFOPLIST_FILE = Nagatan/Info.plist;
				IPHONEOS_DEPLOYMENT_TARGET = 8.1;
				LD_RUNPATH_SEARCH_PATHS = "$(inherited) @executable_path/Frameworks";
				PRODUCT_BUNDLE_IDENTIFIER = com.yuma.Nagatan;
				PRODUCT_NAME = "$(TARGET_NAME)";
				PROVISIONING_PROFILE = "";
			};
			name = Release;
		};
		C03901FF1C0C71AC0051349C /* Debug */ = {
			isa = XCBuildConfiguration;
			buildSettings = {
				BUNDLE_LOADER = "$(TEST_HOST)";
				INFOPLIST_FILE = NagatanTests/Info.plist;
				LD_RUNPATH_SEARCH_PATHS = "$(inherited) @executable_path/Frameworks @loader_path/Frameworks";
				PRODUCT_BUNDLE_IDENTIFIER = com.yuma.NagatanTests;
				PRODUCT_NAME = "$(TARGET_NAME)";
				TEST_HOST = "$(BUILT_PRODUCTS_DIR)/Nagatan.app/Nagatan";
			};
			name = Debug;
		};
		C03902001C0C71AC0051349C /* Release */ = {
			isa = XCBuildConfiguration;
			buildSettings = {
				BUNDLE_LOADER = "$(TEST_HOST)";
				INFOPLIST_FILE = NagatanTests/Info.plist;
				LD_RUNPATH_SEARCH_PATHS = "$(inherited) @executable_path/Frameworks @loader_path/Frameworks";
				PRODUCT_BUNDLE_IDENTIFIER = com.yuma.NagatanTests;
				PRODUCT_NAME = "$(TARGET_NAME)";
				TEST_HOST = "$(BUILT_PRODUCTS_DIR)/Nagatan.app/Nagatan";
			};
			name = Release;
		};
		C03902021C0C71AC0051349C /* Debug */ = {
			isa = XCBuildConfiguration;
			buildSettings = {
				INFOPLIST_FILE = NagatanUITests/Info.plist;
				LD_RUNPATH_SEARCH_PATHS = "$(inherited) @executable_path/Frameworks @loader_path/Frameworks";
				PRODUCT_BUNDLE_IDENTIFIER = com.yuma.NagatanUITests;
				PRODUCT_NAME = "$(TARGET_NAME)";
				TEST_TARGET_NAME = Nagatan;
				USES_XCTRUNNER = YES;
			};
			name = Debug;
		};
		C03902031C0C71AC0051349C /* Release */ = {
			isa = XCBuildConfiguration;
			buildSettings = {
				INFOPLIST_FILE = NagatanUITests/Info.plist;
				LD_RUNPATH_SEARCH_PATHS = "$(inherited) @executable_path/Frameworks @loader_path/Frameworks";
				PRODUCT_BUNDLE_IDENTIFIER = com.yuma.NagatanUITests;
				PRODUCT_NAME = "$(TARGET_NAME)";
				TEST_TARGET_NAME = Nagatan;
				USES_XCTRUNNER = YES;
			};
			name = Release;
		};
/* End XCBuildConfiguration section */

/* Begin XCConfigurationList section */
		C03901CE1C0C71AC0051349C /* Build configuration list for PBXProject "Nagatan" */ = {
			isa = XCConfigurationList;
			buildConfigurations = (
				C03901F91C0C71AC0051349C /* Debug */,
				C03901FA1C0C71AC0051349C /* Release */,
			);
			defaultConfigurationIsVisible = 0;
			defaultConfigurationName = Release;
		};
		C03901FB1C0C71AC0051349C /* Build configuration list for PBXNativeTarget "Nagatan" */ = {
			isa = XCConfigurationList;
			buildConfigurations = (
				C03901FC1C0C71AC0051349C /* Debug */,
				C03901FD1C0C71AC0051349C /* Release */,
			);
			defaultConfigurationIsVisible = 0;
			defaultConfigurationName = Release;
		};
		C03901FE1C0C71AC0051349C /* Build configuration list for PBXNativeTarget "NagatanTests" */ = {
			isa = XCConfigurationList;
			buildConfigurations = (
				C03901FF1C0C71AC0051349C /* Debug */,
				C03902001C0C71AC0051349C /* Release */,
			);
			defaultConfigurationIsVisible = 0;
			defaultConfigurationName = Release;
		};
		C03902011C0C71AC0051349C /* Build configuration list for PBXNativeTarget "NagatanUITests" */ = {
			isa = XCConfigurationList;
			buildConfigurations = (
				C03902021C0C71AC0051349C /* Debug */,
				C03902031C0C71AC0051349C /* Release */,
			);
			defaultConfigurationIsVisible = 0;
			defaultConfigurationName = Release;
		};
/* End XCConfigurationList section */
	};
	rootObject = C03901CB1C0C71AC0051349C /* Project object */;
}
